
Microsoft Visual Studio Solution File, Format Version 12.00
# Visual Studio 14
VisualStudioVersion = 14.0.25123.0
MinimumVisualStudioVersion = 10.0.40219.1
Project("{FAE04EC0-301F-11D3-BF4B-00C04F79EFBC}") = "CardGame3Prog", "CardGame3\CardGame3Prog.csproj", "{67725BA1-913C-4769-9249-7B8EC8B64EBC}"
EndProject
Project("{FAE04EC0-301F-11D3-BF4B-00C04F79EFBC}") = "CardGame3Lib", "CardGame3Lib\CardGame3Lib.csproj", "{8EEB7AE5-7A83-4FEC-844F-D39E1D2D9703}"
EndProject
Global
	GlobalSection(SolutionConfigurationPlatforms) = preSolution
		Debug|Any CPU = Debug|Any CPU
		Release|Any CPU = Release|Any CPU
	EndGlobalSection
	GlobalSection(ProjectConfigurationPlatforms) = postSolution
		{67725BA1-913C-4769-9249-7B8EC8B64EBC}.Debug|Any CPU.ActiveCfg = Debug|Any CPU
		{67725BA1-913C-4769-9249-7B8EC8B64EBC}.Debug|Any CPU.Build.0 = Debug|Any CPU
		{67725BA1-913C-4769-9249-7B8EC8B64EBC}.Release|Any CPU.ActiveCfg = Release|Any CPU
		{67725BA1-913C-4769-9249-7B8EC8B64EBC}.Release|Any CPU.Build.0 = Release|Any CPU
		{8EEB7AE5-7A83-4FEC-844F-D39E1D2D9703}.Debug|Any CPU.ActiveCfg = Debug|Any CPU
		{8EEB7AE5-7A83-4FEC-844F-D39E1D2D9703}.Debug|Any CPU.Build.0 = Debug|Any CPU
		{8EEB7AE5-7A83-4FEC-844F-D39E1D2D9703}.Release|Any CPU.ActiveCfg = Release|Any CPU
		{8EEB7AE5-7A83-4FEC-844F-D39E1D2D9703}.Release|Any CPU.Build.0 = Release|Any CPU
	EndGlobalSection
	GlobalSection(SolutionProperties) = preSolution
		HideSolutionNode = FALSE
	EndGlobalSection
EndGlobal
